
Microsoft Visual Studio Solution File, Format Version 12.00
# Visual Studio 15
VisualStudioVersion = 15.0.28307.572
MinimumVisualStudioVersion = 10.0.40219.1
Project("{FAE04EC0-301F-11D3-BF4B-00C04F79EFBC}") = "AzureIpAddressSecurityGroupGenerator", "AzureIpAddressSecurityGroupGenerator\AzureIpAddressSecurityGroupGenerator.csproj", "{DE27A3E1-B8A8-41F9-9BD2-F352E4657F20}"
EndProject
Global
	GlobalSection(SolutionConfigurationPlatforms) = preSolution
		Debug|Any CPU = Debug|Any CPU
		Release|Any CPU = Release|Any CPU
	EndGlobalSection
	GlobalSection(ProjectConfigurationPlatforms) = postSolution
		{DE27A3E1-B8A8-41F9-9BD2-F352E4657F20}.Debug|Any CPU.ActiveCfg = Debug|Any CPU
		{DE27A3E1-B8A8-41F9-9BD2-F352E4657F20}.Debug|Any CPU.Build.0 = Debug|Any CPU
		{DE27A3E1-B8A8-41F9-9BD2-F352E4657F20}.Release|Any CPU.ActiveCfg = Release|Any CPU
		{DE27A3E1-B8A8-41F9-9BD2-F352E4657F20}.Release|Any CPU.Build.0 = Release|Any CPU
	EndGlobalSection
	GlobalSection(SolutionProperties) = preSolution
		HideSolutionNode = FALSE
	EndGlobalSection
	GlobalSection(ExtensibilityGlobals) = postSolution
		SolutionGuid = {56C75380-99C7-4CCE-B009-23D22B6081CB}
	EndGlobalSection
EndGlobal
